// !$*UTF8*$!
{
	archiveVersion = 1;
	classes = {
	};
	objectVersion = 50;
	objects = {

/* Begin PBXBuildFile section */
		F4307D4D23DAF3DC0016C8AA /* AppDelegate.swift in Sources */ = {isa = PBXBuildFile; fileRef = F4307D4C23DAF3DC0016C8AA /* AppDelegate.swift */; };
		F4307D4F23DAF3DC0016C8AA /* SceneDelegate.swift in Sources */ = {isa = PBXBuildFile; fileRef = F4307D4E23DAF3DC0016C8AA /* SceneDelegate.swift */; };
		F4307D5123DAF3DC0016C8AA /* ViewController.swift in Sources */ = {isa = PBXBuildFile; fileRef = F4307D5023DAF3DC0016C8AA /* ViewController.swift */; };
		F4307D5423DAF3DC0016C8AA /* Main.storyboard in Resources */ = {isa = PBXBuildFile; fileRef = F4307D5223DAF3DC0016C8AA /* Main.storyboard */; };
		F4307D5623DAF3DF0016C8AA /* Assets.xcassets in Resources */ = {isa = PBXBuildFile; fileRef = F4307D5523DAF3DF0016C8AA /* Assets.xcassets */; };
		F4307D5923DAF3DF0016C8AA /* LaunchScreen.storyboard in Resources */ = {isa = PBXBuildFile; fileRef = F4307D5723DAF3DF0016C8AA /* LaunchScreen.storyboard */; };
		F4307D6123DAF4540016C8AA /* Settings.bundle in Resources */ = {isa = PBXBuildFile; fileRef = F4307D6023DAF4540016C8AA /* Settings.bundle */; };
		F4B17DF223DDCBAA00620DB8 /* Environment.swift in Sources */ = {isa = PBXBuildFile; fileRef = F4B17DF123DDCBAA00620DB8 /* Environment.swift */; };
		F4B17DF623DEE6A000620DB8 /* screenCapture_x2.gif in Resources */ = {isa = PBXBuildFile; fileRef = F4B17DF523DEE6A000620DB8 /* screenCapture_x2.gif */; };
/* End PBXBuildFile section */

/* Begin PBXFileReference section */
		F4307D4923DAF3DC0016C8AA /* SettingsBundleLab.app */ = {isa = PBXFileReference; explicitFileType = wrapper.application; includeInIndex = 0; path = SettingsBundleLab.app; sourceTree = BUILT_PRODUCTS_DIR; };
		F4307D4C23DAF3DC0016C8AA /* AppDelegate.swift */ = {isa = PBXFileReference; lastKnownFileType = sourcecode.swift; path = AppDelegate.swift; sourceTree = "<group>"; };
		F4307D4E23DAF3DC0016C8AA /* SceneDelegate.swift */ = {isa = PBXFileReference; lastKnownFileType = sourcecode.swift; path = SceneDelegate.swift; sourceTree = "<group>"; };
		F4307D5023DAF3DC0016C8AA /* ViewController.swift */ = {isa = PBXFileReference; lastKnownFileType = sourcecode.swift; path = ViewController.swift; sourceTree = "<group>"; };
		F4307D5323DAF3DC0016C8AA /* Base */ = {isa = PBXFileReference; lastKnownFileType = file.storyboard; name = Base; path = Base.lproj/Main.storyboard; sourceTree = "<group>"; };
		F4307D5523DAF3DF0016C8AA /* Assets.xcassets */ = {isa = PBXFileReference; lastKnownFileType = folder.assetcatalog; path = Assets.xcassets; sourceTree = "<group>"; };
		F4307D5823DAF3DF0016C8AA /* Base */ = {isa = PBXFileReference; lastKnownFileType = file.storyboard; name = Base; path = Base.lproj/LaunchScreen.storyboard; sourceTree = "<group>"; };
		F4307D5A23DAF3DF0016C8AA /* Info.plist */ = {isa = PBXFileReference; lastKnownFileType = text.plist.xml; path = Info.plist; sourceTree = "<group>"; };
		F4307D6023DAF4540016C8AA /* Settings.bundle */ = {isa = PBXFileReference; lastKnownFileType = "wrapper.plug-in"; path = Settings.bundle; sourceTree = "<group>"; };
		F4B17DF123DDCBAA00620DB8 /* Environment.swift */ = {isa = PBXFileReference; lastKnownFileType = sourcecode.swift; path = Environment.swift; sourceTree = "<group>"; };
		F4B17DF523DEE6A000620DB8 /* screenCapture_x2.gif */ = {isa = PBXFileReference; lastKnownFileType = image.gif; path = screenCapture_x2.gif; sourceTree = "<group>"; };
/* End PBXFileReference section */

/* Begin PBXFrameworksBuildPhase section */
		F4307D4623DAF3DC0016C8AA /* Frameworks */ = {
			isa = PBXFrameworksBuildPhase;
			buildActionMask = 2147483647;
			files = (
			);
			runOnlyForDeploymentPostprocessing = 0;
		};
/* End PBXFrameworksBuildPhase section */

/* Begin PBXGroup section */
		F4307D4023DAF3DC0016C8AA = {
			isa = PBXGroup;
			children = (
				F4B17DF523DEE6A000620DB8 /* screenCapture_x2.gif */,
				F4307D6023DAF4540016C8AA /* Settings.bundle */,
				F4307D4B23DAF3DC0016C8AA /* SettingsBundleLab */,
				F4307D4A23DAF3DC0016C8AA /* Products */,
			);
			sourceTree = "<group>";
		};
		F4307D4A23DAF3DC0016C8AA /* Products */ = {
			isa = PBXGroup;
			children = (
				F4307D4923DAF3DC0016C8AA /* SettingsBundleLab.app */,
			);
			name = Products;
			sourceTree = "<group>";
		};
		F4307D4B23DAF3DC0016C8AA /* SettingsBundleLab */ = {
			isa = PBXGroup;
			children = (
				F4307D4C23DAF3DC0016C8AA /* AppDelegate.swift */,
				F4307D4E23DAF3DC0016C8AA /* SceneDelegate.swift */,
				F4307D5023DAF3DC0016C8AA /* ViewController.swift */,
				F4307D5223DAF3DC0016C8AA /* Main.storyboard */,
				F4307D5523DAF3DF0016C8AA /* Assets.xcassets */,
				F4307D5723DAF3DF0016C8AA /* LaunchScreen.storyboard */,
				F4307D5A23DAF3DF0016C8AA /* Info.plist */,
				F4B17DF123DDCBAA00620DB8 /* Environment.swift */,
			);
			path = SettingsBundleLab;
			sourceTree = "<group>";
		};
/* End PBXGroup section */

/* Begin PBXNativeTarget section */
		F4307D4823DAF3DC0016C8AA /* SettingsBundleLab */ = {
			isa = PBXNativeTarget;
			buildConfigurationList = F4307D5D23DAF3DF0016C8AA /* Build configuration list for PBXNativeTarget "SettingsBundleLab" */;
			buildPhases = (
				F4307D4523DAF3DC0016C8AA /* Sources */,
				F4307D4623DAF3DC0016C8AA /* Frameworks */,
				F4307D4723DAF3DC0016C8AA /* Resources */,
				F4B17DF023DDAF6600620DB8 /* ShellScript */,
			);
			buildRules = (
			);
			dependencies = (
			);
			name = SettingsBundleLab;
			productName = SettingsBundleLab;
			productReference = F4307D4923DAF3DC0016C8AA /* SettingsBundleLab.app */;
			productType = "com.apple.product-type.application";
		};
/* End PBXNativeTarget section */

/* Begin PBXProject section */
		F4307D4123DAF3DC0016C8AA /* Project object */ = {
			isa = PBXProject;
			attributes = {
				LastSwiftUpdateCheck = 1120;
				LastUpgradeCheck = 1120;
				ORGANIZATIONNAME = Etiya;
				TargetAttributes = {
					F4307D4823DAF3DC0016C8AA = {
						CreatedOnToolsVersion = 11.2;
					};
				};
			};
			buildConfigurationList = F4307D4423DAF3DC0016C8AA /* Build configuration list for PBXProject "SettingsBundleLab" */;
			compatibilityVersion = "Xcode 9.3";
			developmentRegion = en;
			hasScannedForEncodings = 0;
			knownRegions = (
				en,
				Base,
			);
			mainGroup = F4307D4023DAF3DC0016C8AA;
			productRefGroup = F4307D4A23DAF3DC0016C8AA /* Products */;
			projectDirPath = "";
			projectRoot = "";
			targets = (
				F4307D4823DAF3DC0016C8AA /* SettingsBundleLab */,
			);
		};
/* End PBXProject section */

/* Begin PBXResourcesBuildPhase section */
		F4307D4723DAF3DC0016C8AA /* Resources */ = {
			isa = PBXResourcesBuildPhase;
			buildActionMask = 2147483647;
			files = (
				F4307D6123DAF4540016C8AA /* Settings.bundle in Resources */,
				F4307D5923DAF3DF0016C8AA /* LaunchScreen.storyboard in Resources */,
				F4307D5623DAF3DF0016C8AA /* Assets.xcassets in Resources */,
				F4307D5423DAF3DC0016C8AA /* Main.storyboard in Resources */,
				F4B17DF623DEE6A000620DB8 /* screenCapture_x2.gif in Resources */,
			);
			runOnlyForDeploymentPostprocessing = 0;
		};
/* End PBXResourcesBuildPhase section */

/* Begin PBXShellScriptBuildPhase section */
		F4B17DF023DDAF6600620DB8 /* ShellScript */ = {
			isa = PBXShellScriptBuildPhase;
			buildActionMask = 2147483647;
			files = (
			);
			inputFileListPaths = (
			);
			inputPaths = (
			);
			outputFileListPaths = (
			);
			outputPaths = (
			);
			runOnlyForDeploymentPostprocessing = 0;
			shellPath = /bin/sh;
			shellScript = "BUILD_APP_DIR=${BUILT_PRODUCTS_DIR}/${PRODUCT_NAME}.app\n\nif [ \"$CONFIGURATION\" == \"Release\" ]; then\nrm -Rf $BUILD_APP_DIR/Settings.bundle\nfi\n";
		};
/* End PBXShellScriptBuildPhase section */

/* Begin PBXSourcesBuildPhase section */
		F4307D4523DAF3DC0016C8AA /* Sources */ = {
			isa = PBXSourcesBuildPhase;
			buildActionMask = 2147483647;
			files = (
				F4307D5123DAF3DC0016C8AA /* ViewController.swift in Sources */,
				F4B17DF223DDCBAA00620DB8 /* Environment.swift in Sources */,
				F4307D4D23DAF3DC0016C8AA /* AppDelegate.swift in Sources */,
				F4307D4F23DAF3DC0016C8AA /* SceneDelegate.swift in Sources */,
			);
			runOnlyForDeploymentPostprocessing = 0;
		};
/* End PBXSourcesBuildPhase section */

/* Begin PBXVariantGroup section */
		F4307D5223DAF3DC0016C8AA /* Main.storyboard */ = {
			isa = PBXVariantGroup;
			children = (
				F4307D5323DAF3DC0016C8AA /* Base */,
			);
			name = Main.storyboard;
			sourceTree = "<group>";
		};
		F4307D5723DAF3DF0016C8AA /* LaunchScreen.storyboard */ = {
			isa = PBXVariantGroup;
			children = (
				F4307D5823DAF3DF0016C8AA /* Base */,
			);
			name = LaunchScreen.storyboard;
			sourceTree = "<group>";
		};
/* End PBXVariantGroup section */

/* Begin XCBuildConfiguration section */
		F4307D5B23DAF3DF0016C8AA /* Debug */ = {
			isa = XCBuildConfiguration;
			buildSettings = {
				ALWAYS_SEARCH_USER_PATHS = NO;
				CLANG_ANALYZER_NONNULL = YES;
				CLANG_ANALYZER_NUMBER_OBJECT_CONVERSION = YES_AGGRESSIVE;
				CLANG_CXX_LANGUAGE_STANDARD = "gnu++14";
				CLANG_CXX_LIBRARY = "libc++";
				CLANG_ENABLE_MODULES = YES;
				CLANG_ENABLE_OBJC_ARC = YES;
				CLANG_ENABLE_OBJC_WEAK = YES;
				CLANG_WARN_BLOCK_CAPTURE_AUTORELEASING = YES;
				CLANG_WARN_BOOL_CONVERSION = YES;
				CLANG_WARN_COMMA = YES;
				CLANG_WARN_CONSTANT_CONVERSION = YES;
				CLANG_WARN_DEPRECATED_OBJC_IMPLEMENTATIONS = YES;
				CLANG_WARN_DIRECT_OBJC_ISA_USAGE = YES_ERROR;
				CLANG_WARN_DOCUMENTATION_COMMENTS = YES;
				CLANG_WARN_EMPTY_BODY = YES;
				CLANG_WARN_ENUM_CONVERSION = YES;
				CLANG_WARN_INFINITE_RECURSION = YES;
				CLANG_WARN_INT_CONVERSION = YES;
				CLANG_WARN_NON_LITERAL_NULL_CONVERSION = YES;
				CLANG_WARN_OBJC_IMPLICIT_RETAIN_SELF = YES;
				CLANG_WARN_OBJC_LITERAL_CONVERSION = YES;
				CLANG_WARN_OBJC_ROOT_CLASS = YES_ERROR;
				CLANG_WARN_RANGE_LOOP_ANALYSIS = YES;
				CLANG_WARN_STRICT_PROTOTYPES = YES;
				CLANG_WARN_SUSPICIOUS_MOVE = YES;
				CLANG_WARN_UNGUARDED_AVAILABILITY = YES_AGGRESSIVE;
				CLANG_WARN_UNREACHABLE_CODE = YES;
				CLANG_WARN__DUPLICATE_METHOD_MATCH = YES;
				COPY_PHASE_STRIP = NO;
				DEBUG_INFORMATION_FORMAT = dwarf;
				ENABLE_STRICT_OBJC_MSGSEND = YES;
				ENABLE_TESTABILITY = YES;
				GCC_C_LANGUAGE_STANDARD = gnu11;
				GCC_DYNAMIC_NO_PIC = NO;
				GCC_NO_COMMON_BLOCKS = YES;
				GCC_OPTIMIZATION_LEVEL = 0;
				GCC_PREPROCESSOR_DEFINITIONS = (
					"DEBUG=1",
					"$(inherited)",
				);
				GCC_WARN_64_TO_32_BIT_CONVERSION = YES;
				GCC_WARN_ABOUT_RETURN_TYPE = YES_ERROR;
				GCC_WARN_UNDECLARED_SELECTOR = YES;
				GCC_WARN_UNINITIALIZED_AUTOS = YES_AGGRESSIVE;
				GCC_WARN_UNUSED_FUNCTION = YES;
				GCC_WARN_UNUSED_VARIABLE = YES;
				IPHONEOS_DEPLOYMENT_TARGET = 13.2;
				MTL_ENABLE_DEBUG_INFO = INCLUDE_SOURCE;
				MTL_FAST_MATH = YES;
				ONLY_ACTIVE_ARCH = YES;
				SDKROOT = iphoneos;
				SWIFT_ACTIVE_COMPILATION_CONDITIONS = DEBUG;
				SWIFT_OPTIMIZATION_LEVEL = "-Onone";
			};
			name = Debug;
		};
		F4307D5C23DAF3DF0016C8AA /* Release */ = {
			isa = XCBuildConfiguration;
			buildSettings = {
				ALWAYS_SEARCH_USER_PATHS = NO;
				CLANG_ANALYZER_NONNULL = YES;
				CLANG_ANALYZER_NUMBER_OBJECT_CONVERSION = YES_AGGRESSIVE;
				CLANG_CXX_LANGUAGE_STANDARD = "gnu++14";
				CLANG_CXX_LIBRARY = "libc++";
				CLANG_ENABLE_MODULES = YES;
				CLANG_ENABLE_OBJC_ARC = YES;
				CLANG_ENABLE_OBJC_WEAK = YES;
				CLANG_WARN_BLOCK_CAPTURE_AUTORELEASING = YES;
				CLANG_WARN_BOOL_CONVERSION = YES;
				CLANG_WARN_COMMA = YES;
				CLANG_WARN_CONSTANT_CONVERSION = YES;
				CLANG_WARN_DEPRECATED_OBJC_IMPLEMENTATIONS = YES;
				CLANG_WARN_DIRECT_OBJC_ISA_USAGE = YES_ERROR;
				CLANG_WARN_DOCUMENTATION_COMMENTS = YES;
				CLANG_WARN_EMPTY_BODY = YES;
				CLANG_WARN_ENUM_CONVERSION = YES;
				CLANG_WARN_INFINITE_RECURSION = YES;
				CLANG_WARN_INT_CONVERSION = YES;
				CLANG_WARN_NON_LITERAL_NULL_CONVERSION = YES;
				CLANG_WARN_OBJC_IMPLICIT_RETAIN_SELF = YES;
				CLANG_WARN_OBJC_LITERAL_CONVERSION = YES;
				CLANG_WARN_OBJC_ROOT_CLASS = YES_ERROR;
				CLANG_WARN_RANGE_LOOP_ANALYSIS = YES;
				CLANG_WARN_STRICT_PROTOTYPES = YES;
				CLANG_WARN_SUSPICIOUS_MOVE = YES;
				CLANG_WARN_UNGUARDED_AVAILABILITY = YES_AGGRESSIVE;
				CLANG_WARN_UNREACHABLE_CODE = YES;
				CLANG_WARN__DUPLICATE_METHOD_MATCH = YES;
				COPY_PHASE_STRIP = NO;
				DEBUG_INFORMATION_FORMAT = "dwarf-with-dsym";
				ENABLE_NS_ASSERTIONS = NO;
				ENABLE_STRICT_OBJC_MSGSEND = YES;
				GCC_C_LANGUAGE_STANDARD = gnu11;
				GCC_NO_COMMON_BLOCKS = YES;
				GCC_WARN_64_TO_32_BIT_CONVERSION = YES;
				GCC_WARN_ABOUT_RETURN_TYPE = YES_ERROR;
				GCC_WARN_UNDECLARED_SELECTOR = YES;
				GCC_WARN_UNINITIALIZED_AUTOS = YES_AGGRESSIVE;
				GCC_WARN_UNUSED_FUNCTION = YES;
				GCC_WARN_UNUSED_VARIABLE = YES;
				IPHONEOS_DEPLOYMENT_TARGET = 13.2;
				MTL_ENABLE_DEBUG_INFO = NO;
				MTL_FAST_MATH = YES;
				SDKROOT = iphoneos;
				SWIFT_COMPILATION_MODE = wholemodule;
				SWIFT_OPTIMIZATION_LEVEL = "-O";
				VALIDATE_PRODUCT = YES;
			};
			name = Release;
		};
		F4307D5E23DAF3DF0016C8AA /* Debug */ = {
			isa = XCBuildConfiguration;
			buildSettings = {
				ASSETCATALOG_COMPILER_APPICON_NAME = AppIcon;
				CODE_SIGN_STYLE = Automatic;
				DEVELOPMENT_TEAM = UF9KAHB6EX;
				INFOPLIST_FILE = SettingsBundleLab/Info.plist;
				LD_RUNPATH_SEARCH_PATHS = (
					"$(inherited)",
					"@executable_path/Frameworks",
				);
				PRODUCT_BUNDLE_IDENTIFIER = etiya.SettingsBundleLab;
				PRODUCT_NAME = "$(TARGET_NAME)";
				SWIFT_VERSION = 5.0;
				TARGETED_DEVICE_FAMILY = "1,2";
			};
			name = Debug;
		};
		F4307D5F23DAF3DF0016C8AA /* Release */ = {
			isa = XCBuildConfiguration;
			buildSettings = {
				ASSETCATALOG_COMPILER_APPICON_NAME = AppIcon;
				CODE_SIGN_STYLE = Automatic;
				DEVELOPMENT_TEAM = UF9KAHB6EX;
				INFOPLIST_FILE = SettingsBundleLab/Info.plist;
				LD_RUNPATH_SEARCH_PATHS = (
					"$(inherited)",
					"@executable_path/Frameworks",
				);
				PRODUCT_BUNDLE_IDENTIFIER = etiya.SettingsBundleLab;
				PRODUCT_NAME = "$(TARGET_NAME)";
				SWIFT_VERSION = 5.0;
				TARGETED_DEVICE_FAMILY = "1,2";
			};
			name = Release;
		};
/* End XCBuildConfiguration section */

/* Begin XCConfigurationList section */
		F4307D4423DAF3DC0016C8AA /* Build configuration list for PBXProject "SettingsBundleLab" */ = {
			isa = XCConfigurationList;
			buildConfigurations = (
				F4307D5B23DAF3DF0016C8AA /* Debug */,
				F4307D5C23DAF3DF0016C8AA /* Release */,
			);
			defaultConfigurationIsVisible = 0;
			defaultConfigurationName = Release;
		};
		F4307D5D23DAF3DF0016C8AA /* Build configuration list for PBXNativeTarget "SettingsBundleLab" */ = {
			isa = XCConfigurationList;
			buildConfigurations = (
				F4307D5E23DAF3DF0016C8AA /* Debug */,
				F4307D5F23DAF3DF0016C8AA /* Release */,
			);
			defaultConfigurationIsVisible = 0;
			defaultConfigurationName = Release;
		};
/* End XCConfigurationList section */
	};
	rootObject = F4307D4123DAF3DC0016C8AA /* Project object */;
}
